
Microsoft Visual Studio Solution File, Format Version 12.00
# Visual Studio Version 17
VisualStudioVersion = 17.0.31903.59
MinimumVisualStudioVersion = 10.0.40219.1
Project("{2150E333-8FDC-42A3-9474-1A3956D46DE8}") = "src", "src", "{A29BF1A8-FE08-4361-8571-DEA9277F2816}"
EndProject
Project("{FAE04EC0-301F-11D3-BF4B-00C04F79EFBC}") = "BurberDinner.Api", "src\BurberDinner.Api\BurberDinner.Api.csproj", "{098267F6-BB50-46F8-B33B-71B923169ED8}"
EndProject
Project("{FAE04EC0-301F-11D3-BF4B-00C04F79EFBC}") = "BurberDinner.Application", "src\BurberDinner.Application\BurberDinner.Application.csproj", "{37C92CEA-F1F7-42E6-9C45-0A9C1A9BE6E6}"
EndProject
Project("{FAE04EC0-301F-11D3-BF4B-00C04F79EFBC}") = "BurberDinner.Contracts", "src\BurberDinner.Contracts\BurberDinner.Contracts.csproj", "{F0238E34-0CAC-46B9-8194-F3C0D28474F8}"
EndProject
Project("{FAE04EC0-301F-11D3-BF4B-00C04F79EFBC}") = "BurberDinner.Domain", "src\BurberDinner.Domain\BurberDinner.Domain.csproj", "{9F27D04C-5F9F-4344-B950-903210F462C9}"
EndProject
Project("{FAE04EC0-301F-11D3-BF4B-00C04F79EFBC}") = "BurberDinner.Infrastructure", "src\BurberDinner.Infrastructure\BurberDinner.Infrastructure.csproj", "{E75E70A7-0892-4B4E-A2EF-C5EBF54A34CE}"
EndProject
Project("{2150E333-8FDC-42A3-9474-1A3956D46DE8}") = "Tests", "Tests", "{7F4338A8-9F94-407B-814F-FF340B607E44}"
EndProject
Project("{2150E333-8FDC-42A3-9474-1A3956D46DE8}") = "UnitTests", "UnitTests", "{B006114B-B045-4067-B888-43DA481469A8}"
EndProject
Project("{FAE04EC0-301F-11D3-BF4B-00C04F79EFBC}") = "BuberDinner.Api.UnitTests", "Tests\UnitTests\BuberDinner.Api.UnitTests\BuberDinner.Api.UnitTests.csproj", "{2D571846-BDE6-457A-87CF-53E38569E323}"
EndProject
Project("{FAE04EC0-301F-11D3-BF4B-00C04F79EFBC}") = "BuberDinner.Application.UnitTests", "Tests\UnitTests\BuberDinner.Application.UnitTests\BuberDinner.Application.UnitTests.csproj", "{39FDF872-B24B-4A13-93FB-3AF9A42AB01B}"
EndProject
Project("{FAE04EC0-301F-11D3-BF4B-00C04F79EFBC}") = "BuberDinner.Domain.UnitTests", "Tests\UnitTests\BuberDinner.Domain.UnitTests\BuberDinner.Domain.UnitTests.csproj", "{1DCAA7D1-55E4-4E88-8F00-9DF7238A9DEC}"
EndProject
Project("{FAE04EC0-301F-11D3-BF4B-00C04F79EFBC}") = "BuberDinner.Infrastructure.UnitTests", "Tests\UnitTests\BuberDinner.Infrastructure.UnitTests\BuberDinner.Infrastructure.UnitTests.csproj", "{2DF5DA89-E689-4482-8DE5-242AE89E7CCD}"
EndProject
Global
	GlobalSection(SolutionConfigurationPlatforms) = preSolution
		Debug|Any CPU = Debug|Any CPU
		Release|Any CPU = Release|Any CPU
	EndGlobalSection
	GlobalSection(SolutionProperties) = preSolution
		HideSolutionNode = FALSE
	EndGlobalSection
	GlobalSection(ProjectConfigurationPlatforms) = postSolution
		{098267F6-BB50-46F8-B33B-71B923169ED8}.Debug|Any CPU.ActiveCfg = Debug|Any CPU
		{098267F6-BB50-46F8-B33B-71B923169ED8}.Debug|Any CPU.Build.0 = Debug|Any CPU
		{098267F6-BB50-46F8-B33B-71B923169ED8}.Release|Any CPU.ActiveCfg = Release|Any CPU
		{098267F6-BB50-46F8-B33B-71B923169ED8}.Release|Any CPU.Build.0 = Release|Any CPU
		{37C92CEA-F1F7-42E6-9C45-0A9C1A9BE6E6}.Debug|Any CPU.ActiveCfg = Debug|Any CPU
		{37C92CEA-F1F7-42E6-9C45-0A9C1A9BE6E6}.Debug|Any CPU.Build.0 = Debug|Any CPU
		{37C92CEA-F1F7-42E6-9C45-0A9C1A9BE6E6}.Release|Any CPU.ActiveCfg = Release|Any CPU
		{37C92CEA-F1F7-42E6-9C45-0A9C1A9BE6E6}.Release|Any CPU.Build.0 = Release|Any CPU
		{F0238E34-0CAC-46B9-8194-F3C0D28474F8}.Debug|Any CPU.ActiveCfg = Debug|Any CPU
		{F0238E34-0CAC-46B9-8194-F3C0D28474F8}.Debug|Any CPU.Build.0 = Debug|Any CPU
		{F0238E34-0CAC-46B9-8194-F3C0D28474F8}.Release|Any CPU.ActiveCfg = Release|Any CPU
		{F0238E34-0CAC-46B9-8194-F3C0D28474F8}.Release|Any CPU.Build.0 = Release|Any CPU
		{9F27D04C-5F9F-4344-B950-903210F462C9}.Debug|Any CPU.ActiveCfg = Debug|Any CPU
		{9F27D04C-5F9F-4344-B950-903210F462C9}.Debug|Any CPU.Build.0 = Debug|Any CPU
		{9F27D04C-5F9F-4344-B950-903210F462C9}.Release|Any CPU.ActiveCfg = Release|Any CPU
		{9F27D04C-5F9F-4344-B950-903210F462C9}.Release|Any CPU.Build.0 = Release|Any CPU
		{E75E70A7-0892-4B4E-A2EF-C5EBF54A34CE}.Debug|Any CPU.ActiveCfg = Debug|Any CPU
		{E75E70A7-0892-4B4E-A2EF-C5EBF54A34CE}.Debug|Any CPU.Build.0 = Debug|Any CPU
		{E75E70A7-0892-4B4E-A2EF-C5EBF54A34CE}.Release|Any CPU.ActiveCfg = Release|Any CPU
		{E75E70A7-0892-4B4E-A2EF-C5EBF54A34CE}.Release|Any CPU.Build.0 = Release|Any CPU
		{2D571846-BDE6-457A-87CF-53E38569E323}.Debug|Any CPU.ActiveCfg = Debug|Any CPU
		{2D571846-BDE6-457A-87CF-53E38569E323}.Debug|Any CPU.Build.0 = Debug|Any CPU
		{2D571846-BDE6-457A-87CF-53E38569E323}.Release|Any CPU.ActiveCfg = Release|Any CPU
		{2D571846-BDE6-457A-87CF-53E38569E323}.Release|Any CPU.Build.0 = Release|Any CPU
		{39FDF872-B24B-4A13-93FB-3AF9A42AB01B}.Debug|Any CPU.ActiveCfg = Debug|Any CPU
		{39FDF872-B24B-4A13-93FB-3AF9A42AB01B}.Debug|Any CPU.Build.0 = Debug|Any CPU
		{39FDF872-B24B-4A13-93FB-3AF9A42AB01B}.Release|Any CPU.ActiveCfg = Release|Any CPU
		{39FDF872-B24B-4A13-93FB-3AF9A42AB01B}.Release|Any CPU.Build.0 = Release|Any CPU
		{1DCAA7D1-55E4-4E88-8F00-9DF7238A9DEC}.Debug|Any CPU.ActiveCfg = Debug|Any CPU
		{1DCAA7D1-55E4-4E88-8F00-9DF7238A9DEC}.Debug|Any CPU.Build.0 = Debug|Any CPU
		{1DCAA7D1-55E4-4E88-8F00-9DF7238A9DEC}.Release|Any CPU.ActiveCfg = Release|Any CPU
		{1DCAA7D1-55E4-4E88-8F00-9DF7238A9DEC}.Release|Any CPU.Build.0 = Release|Any CPU
		{2DF5DA89-E689-4482-8DE5-242AE89E7CCD}.Debug|Any CPU.ActiveCfg = Debug|Any CPU
		{2DF5DA89-E689-4482-8DE5-242AE89E7CCD}.Debug|Any CPU.Build.0 = Debug|Any CPU
		{2DF5DA89-E689-4482-8DE5-242AE89E7CCD}.Release|Any CPU.ActiveCfg = Release|Any CPU
		{2DF5DA89-E689-4482-8DE5-242AE89E7CCD}.Release|Any CPU.Build.0 = Release|Any CPU
	EndGlobalSection
	GlobalSection(NestedProjects) = preSolution
		{098267F6-BB50-46F8-B33B-71B923169ED8} = {A29BF1A8-FE08-4361-8571-DEA9277F2816}
		{37C92CEA-F1F7-42E6-9C45-0A9C1A9BE6E6} = {A29BF1A8-FE08-4361-8571-DEA9277F2816}
		{F0238E34-0CAC-46B9-8194-F3C0D28474F8} = {A29BF1A8-FE08-4361-8571-DEA9277F2816}
		{9F27D04C-5F9F-4344-B950-903210F462C9} = {A29BF1A8-FE08-4361-8571-DEA9277F2816}
		{E75E70A7-0892-4B4E-A2EF-C5EBF54A34CE} = {A29BF1A8-FE08-4361-8571-DEA9277F2816}
		{B006114B-B045-4067-B888-43DA481469A8} = {7F4338A8-9F94-407B-814F-FF340B607E44}
		{2D571846-BDE6-457A-87CF-53E38569E323} = {B006114B-B045-4067-B888-43DA481469A8}
		{39FDF872-B24B-4A13-93FB-3AF9A42AB01B} = {B006114B-B045-4067-B888-43DA481469A8}
		{1DCAA7D1-55E4-4E88-8F00-9DF7238A9DEC} = {B006114B-B045-4067-B888-43DA481469A8}
		{2DF5DA89-E689-4482-8DE5-242AE89E7CCD} = {B006114B-B045-4067-B888-43DA481469A8}
	EndGlobalSection
EndGlobal
